
Microsoft Visual Studio Solution File, Format Version 12.00
# Visual Studio Version 17
VisualStudioVersion = 17.2.32519.379
MinimumVisualStudioVersion = 10.0.40219.1
Project("{FAE04EC0-301F-11D3-BF4B-00C04F79EFBC}") = "EsClasseTV", "EsClasseTV\EsClasseTV.csproj", "{8B19D77D-134A-4F4C-BA01-975650FDAA41}"
EndProject
Global
	GlobalSection(SolutionConfigurationPlatforms) = preSolution
		Debug|Any CPU = Debug|Any CPU
		Release|Any CPU = Release|Any CPU
	EndGlobalSection
	GlobalSection(ProjectConfigurationPlatforms) = postSolution
		{8B19D77D-134A-4F4C-BA01-975650FDAA41}.Debug|Any CPU.ActiveCfg = Debug|Any CPU
		{8B19D77D-134A-4F4C-BA01-975650FDAA41}.Debug|Any CPU.Build.0 = Debug|Any CPU
		{8B19D77D-134A-4F4C-BA01-975650FDAA41}.Release|Any CPU.ActiveCfg = Release|Any CPU
		{8B19D77D-134A-4F4C-BA01-975650FDAA41}.Release|Any CPU.Build.0 = Release|Any CPU
	EndGlobalSection
	GlobalSection(SolutionProperties) = preSolution
		HideSolutionNode = FALSE
	EndGlobalSection
	GlobalSection(ExtensibilityGlobals) = postSolution
		SolutionGuid = {98CA8CD1-DA09-4796-8158-1DDCA0D3C00E}
	EndGlobalSection
EndGlobal
